
Microsoft Visual Studio Solution File, Format Version 12.00
# Visual Studio Version 17
VisualStudioVersion = 17.5.002.0
MinimumVisualStudioVersion = 10.0.40219.1
Project("{9A19103F-16F7-4668-BE54-9A1E7A4F7556}") = "contoso-pets", "contoso-pets\contoso-pets.csproj", "{4B516FC5-65EB-495A-A77E-F10B321DE221}"
EndProject
Project("{9A19103F-16F7-4668-BE54-9A1E7A4F7556}") = "contoso-pets.tests", "contoso-pets.tests\contoso-pets.tests.csproj", "{C36160F3-F241-483B-9F1B-70FA8B33C8A0}"
EndProject
Global
	GlobalSection(SolutionConfigurationPlatforms) = preSolution
		Debug|Any CPU = Debug|Any CPU
		Release|Any CPU = Release|Any CPU
	EndGlobalSection
	GlobalSection(ProjectConfigurationPlatforms) = postSolution
		{4B516FC5-65EB-495A-A77E-F10B321DE221}.Debug|Any CPU.ActiveCfg = Debug|Any CPU
		{4B516FC5-65EB-495A-A77E-F10B321DE221}.Debug|Any CPU.Build.0 = Debug|Any CPU
		{4B516FC5-65EB-495A-A77E-F10B321DE221}.Release|Any CPU.ActiveCfg = Release|Any CPU
		{4B516FC5-65EB-495A-A77E-F10B321DE221}.Release|Any CPU.Build.0 = Release|Any CPU
		{C36160F3-F241-483B-9F1B-70FA8B33C8A0}.Debug|Any CPU.ActiveCfg = Debug|Any CPU
		{C36160F3-F241-483B-9F1B-70FA8B33C8A0}.Debug|Any CPU.Build.0 = Debug|Any CPU
		{C36160F3-F241-483B-9F1B-70FA8B33C8A0}.Release|Any CPU.ActiveCfg = Release|Any CPU
		{C36160F3-F241-483B-9F1B-70FA8B33C8A0}.Release|Any CPU.Build.0 = Release|Any CPU
	EndGlobalSection
	GlobalSection(SolutionProperties) = preSolution
		HideSolutionNode = FALSE
	EndGlobalSection
	GlobalSection(ExtensibilityGlobals) = postSolution
		SolutionGuid = {BC8F59AD-33DA-4143-9DD8-7487F76DA451}
	EndGlobalSection
EndGlobal
